github.com/facebookincubator/fbender v0.0.0-20180905103140-0691d402cb5f h1:OBcu4c1Qt0edtnBGHf/ko/vMX+jNrKxerbRyqtqBTZw=
github.com/facebookincubator/fbender v0.0.0-20180905103140-0691d402cb5f/go.mod h1:C05swDKann0gkSmbwJ6R+K/FskzGPKkvVO1qOfBcL10=
github.com/fanliao/go-promise v0.0.0-20141029170127-1890db352a72 h1:0eU/faU2oDIB2BkQVM02hgRLJjGzzUuRf19HUhp0394=
github.com/fanliao/go-promise v0.0.0-20141029170127-1890db352a72/go.mod h1:PjfxuH4FZdUyfMdtBio2lsRr1AKEaVPwelzuHuh8Lqc=
github.com/fatih/structs v1.0.0 h1:BrX964Rv5uQ3wwS+KRUAJCBBw5PQmgJfJ6v4yly5QwU=
github.com/fatih/structs v1.0.0/go.mod h1:9NiDSp5zOcgEDl+j00MP/WkGVPOlPRLejGD8Ga6PJ7M=
github.com/ghodss/yaml v1.0.0 h1:wQHKEahhL6wmXdzwWG11gIVCkOv05bNOh+Rxn0yngAk=
github.com/ghodss/yaml v1.0.0/go.mod h1:4dBDuWmgqj2HViK6kFavaiC9ZROes6MMH2rRYeMEF04=
github.com/gosuri/uilive v0.0.0-20170323041506-ac356e6e42cd h1:1e+0Z+T4t1mKL5xxvxXh5FkjuiToQGKreCobLu7lR3Y=
github.com/gosuri/uilive v0.0.0-20170323041506-ac356e6e42cd/go.mod h1:qkLSc0A5EXSP6B04TrN4oQoxqFI7A8XvoXSlJi8cwk8=
github.com/gosuri/uiprogress v0.0.0-20170224063937-d0567a9d84a1 h1:4iPLwzjiWGBQnYdtKbg/JNlGlEEvklrrMdjypdA1LKQ=
github.com/gosuri/uiprogress v0.0.0-20170224063937-d0567a9d84a1/go.mod h1:C1RTYn4Sc7iEyf6j8ft5dyoZ4212h8G1ol9QQluh5+0=
github.com/insomniacslk/dhcp v0.0.0-20180906143904-0fed7fcaaa86 h1:8kgxuEqI61/RB97AKmJstd+I2FnACPSQSG3b9oKkJGY=
github.com/insomniacslk/dhcp v0.0.0-20180906143904-0fed7fcaaa86/go.mod h1:CfMdguCK66I5DAUJgGKyNz8aB6vO5dZzkm9Xep6WGvw=
github.com/mattn/go-runewidth v0.0.3 h1:a+kO+98RDGEfo6asOGMmpodZq4FNtnGP54yps8BzLR4=
github.com/mattn/go-runewidth v0.0.3/go.mod h1:LwmH8dsx7+W8Uxz3IHJYH5QSwggIsqBzpuz5H//U1FU=
github.com/mdlayher/eui64 v0.0.0-20150629174441-eee6532bb9ad h1:eMrH3nrWrAKYYoEgQXeDqeEEIlnV+64MpJJX5TB6exU=
github.com/mdlayher/eui64 v0.0.0-20150629174441-eee6532bb9ad/go.mod h1:4CwrTieoY5T1aRpvsFccuGsB6vdpoghOM/UVOE31cog=
github.com/miekg/dns v1.0.8 h1:Zi8HNpze3NeRWH1PQV6O71YcvJRQ6j0lORO6DAEmAAI=
github.com/miekg/dns v1.0.8/go.mod h1:W1PPwlIAgtquWBMBEV9nkV9Cazfe8ScdGz/Lj7v3Nrg=
github.com/olekukonko/tablewriter v0.0.0-20180506121414-d4647c9c7a84 h1:fiKJgB4JDUd43CApkmCeTSQlWjtTtABrU2qsgbuP0BI=
github.com/olekukonko/tablewriter v0.0.0-20180506121414-d4647c9c7a84/go.mod h1:vsDQFd/mU46D+Z4whnwzcISnGGzXWMclvtLoiIKAKIo=
github.com/pin/tftp v2.1.0+incompatible h1:Yng4J7jv6lOc6IF4XoB5mnd3P7ZrF60XQq+my3FAMus=
github.com/pin/tftp v2.1.0+incompatible/go.mod h1:xVpZOMCXTy+A5QMjEVN0Glwa1sUvaJhFXbr/aAxuxGY=
github.com/pinterest/bender v0.0.0-20180906154302-0fb67c0e4ac9 h1:H9Qr7msdUKZrBrXLr9Kal6ZceNE2BsKFfBKiKV71G7E=
github.com/pinterest/bender v0.0.0-20180906154302-0fb67c0e4ac9/go.mod h1:DvoENeANWvGNotNZkylicRdtUErhSntVsvyw8B49N2Q=
github.com/sirupsen/logrus v1.0.6 h1:hcP1GmhGigz/O7h1WVUM5KklBp1JoNS9FggWKdj/j3s=
github.com/sirupsen/logrus v1.0.6/go.mod h1:pMByvHTf9Beacp5x1UXfOR9xyW/9antXMhjMPG0dEzc=
github.com/spf13/cobra v0.0.3 h1:ZlrZ4XsMRm04Fr5pSFxBgfND2EBVa1nLpiy1stUsX/8=
github.com/spf13/cobra v0.0.3/go.mod h1:1l0Ry5zgKvJasoi3XT1TypsSe7PqH0Sj9dhYf7v3XqQ=
github.com/spf13/pflag v1.0.2 h1:Fy0orTDgHdbnzHcsOgfCN4LtHf0ec3wwtiwJqwvf3Gc=
github.com/spf13/pflag v1.0.2/go.mod h1:DYY7MBk1bdzusC3SYhjObp+wFpr4gzcvqqNjLnInEg4=
github.com/tj/go-spin v1.1.0 h1:lhdWZsvImxvZ3q1C5OIB7d72DuOwP4O2NdBg9PyzNds=
github.com/tj/go-spin v1.1.0/go.mod h1:Mg1mzmePZm4dva8Qz60H2lHwmJ2loum4VIrLgVnKwh4=
github.com/wangzn/goutils v0.0.0-20180901002002-1e7cc5a6fd93 h1:hRmVC+VTowuKPBzhUEjT6Phmozuz2fUAdLEGdhsngWI=
github.com/wangzn/goutils v0.0.0-20180901002002-1e7cc5a6fd93/go.mod h1:wqWwYEwXMS+P444EllVFuyJTfP0Duf5CZ75X31fLt9w=
golang.org/x/crypto v0.0.0-20180904163835-0709b304e793 h1:u+LnwYTOOW7Ukr/fppxEb1Nwz0AtPflrblfvUudpo+I=
golang.org/x/crypto v0.0.0-20180904163835-0709b304e793/go.mod h1:6SG95UA2DQfeDnfUPMdvaQW0Q7yPrPDi9nlGo2tz2b4=
golang.org/x/net v0.0.0-20180906233101-161cd47e91fd h1:nTDtHvHSdCn1m6ITfMRqtOd/9+7a3s8RBNOZ3eYZzJA=
golang.org/x/net v0.0.0-20180906233101-161cd47e91fd/go.mod h1:mL1N/T3taQHkDXs73rZJwtUhF3w3ftmwwsq0BUmARs4=
golang.org/x/sys v0.0.0-20180906133057-8cf3aee42992 h1:BH3eQWeGbwRU2+wxxuuPOdFBmaiBH81O8BugSjHeTFg=
golang.org/x/sys v0.0.0-20180906133057-8cf3aee42992/go.mod h1:STP8DvDyc/dI5b8T5hshtkjS+E42TnysNCUPdjciGhY=
gopkg.in/check.v1 v0.0.0-20161208181325-20d25e280405/go.mod h1:Co6ibVJAznAaIkqp8huTwlJQCZ016jof/cbN4VW5Yz0=
gopkg.in/yaml.v2 v2.2.1 h1:mUhvW9EsL+naU5Q3cakzfE91YhliOondGd6ZrsDBHQE=
gopkg.in/yaml.v2 v2.2.1/go.mod h1:hI93XBmqTisBFMUTm0b8Fm+jr3Dg1NNxqwp+5A1VGuI=
